
Microsoft Visual Studio Solution File, Format Version 12.00
# Visual Studio 15
VisualStudioVersion = 15.0.28010.2016
MinimumVisualStudioVersion = 10.0.40219.1
Project("{FAE04EC0-301F-11D3-BF4B-00C04F79EFBC}") = "I2T", "I2T\I2T.csproj", "{B304EFEE-E78B-42B6-BD7B-D05190A4DDC4}"
EndProject
Global
	GlobalSection(SolutionConfigurationPlatforms) = preSolution
		Debug|Any CPU = Debug|Any CPU
		Release|Any CPU = Release|Any CPU
	EndGlobalSection
	GlobalSection(ProjectConfigurationPlatforms) = postSolution
		{B304EFEE-E78B-42B6-BD7B-D05190A4DDC4}.Debug|Any CPU.ActiveCfg = Debug|Any CPU
		{B304EFEE-E78B-42B6-BD7B-D05190A4DDC4}.Debug|Any CPU.Build.0 = Debug|Any CPU
		{B304EFEE-E78B-42B6-BD7B-D05190A4DDC4}.Release|Any CPU.ActiveCfg = Release|Any CPU
		{B304EFEE-E78B-42B6-BD7B-D05190A4DDC4}.Release|Any CPU.Build.0 = Release|Any CPU
	EndGlobalSection
	GlobalSection(SolutionProperties) = preSolution
		HideSolutionNode = FALSE
	EndGlobalSection
	GlobalSection(ExtensibilityGlobals) = postSolution
		SolutionGuid = {275FE1AF-1741-426E-AB25-EC8699039511}
	EndGlobalSection
EndGlobal
